
Microsoft Visual Studio Solution File, Format Version 12.00
# Visual Studio Version 17
VisualStudioVersion = 17.0.31903.59
MinimumVisualStudioVersion = 10.0.40219.1
Project("{2150E333-8FDC-42A3-9474-1A3956D46DE8}") = "src", "src", "{827E0CD3-B72D-47B6-A68D-7590B98EB39B}"
EndProject
Project("{FAE04EC0-301F-11D3-BF4B-00C04F79EFBC}") = "DriftLab.Core", "src\DriftLab.Core\DriftLab.Core.csproj", "{F7F4DDAA-0561-475E-B412-BA514B3024D0}"
EndProject
Project("{FAE04EC0-301F-11D3-BF4B-00C04F79EFBC}") = "DriftLab.Desktop", "src\DriftLab.Desktop\DriftLab.Desktop.csproj", "{D2FCB9D1-B34C-4679-8590-5EAE2E42333F}"
EndProject
Project("{FAE04EC0-301F-11D3-BF4B-00C04F79EFBC}") = "DriftLab.Protocol", "src\DriftLab.Protocol\DriftLab.Protocol.csproj", "{24CD6A0C-BCBE-4AEC-935B-61D1E2C5582C}"
EndProject
Project("{FAE04EC0-301F-11D3-BF4B-00C04F79EFBC}") = "DriftLab.Storage", "src\DriftLab.Storage\DriftLab.Storage.csproj", "{E6B947A0-D62A-4FA9-B973-9A37F1BCCC8D}"
EndProject
Project("{FAE04EC0-301F-11D3-BF4B-00C04F79EFBC}") = "DriftLab.WindowsHid", "src\DriftLab.WindowsHid\DriftLab.WindowsHid.csproj", "{D4E6FA9D-71E7-4309-9B2E-C557F71906C7}"
EndProject
Project("{2150E333-8FDC-42A3-9474-1A3956D46DE8}") = "tests", "tests", "{0AB3BF05-4346-4AA6-1389-037BE0695223}"
EndProject
Project("{FAE04EC0-301F-11D3-BF4B-00C04F79EFBC}") = "DriftLab.Tests", "tests\DriftLab.Tests\DriftLab.Tests.csproj", "{4C83079F-A4CF-4C94-ADFD-00EB58344E47}"
EndProject
Global
	GlobalSection(SolutionConfigurationPlatforms) = preSolution
		Debug|Any CPU = Debug|Any CPU
		Debug|x64 = Debug|x64
		Debug|x86 = Debug|x86
		Release|Any CPU = Release|Any CPU
		Release|x64 = Release|x64
		Release|x86 = Release|x86
	EndGlobalSection
	GlobalSection(ProjectConfigurationPlatforms) = postSolution
		{F7F4DDAA-0561-475E-B412-BA514B3024D0}.Debug|Any CPU.ActiveCfg = Debug|Any CPU
		{F7F4DDAA-0561-475E-B412-BA514B3024D0}.Debug|Any CPU.Build.0 = Debug|Any CPU
		{F7F4DDAA-0561-475E-B412-BA514B3024D0}.Debug|x64.ActiveCfg = Debug|Any CPU
		{F7F4DDAA-0561-475E-B412-BA514B3024D0}.Debug|x64.Build.0 = Debug|Any CPU
		{F7F4DDAA-0561-475E-B412-BA514B3024D0}.Debug|x86.ActiveCfg = Debug|Any CPU
		{F7F4DDAA-0561-475E-B412-BA514B3024D0}.Debug|x86.Build.0 = Debug|Any CPU
		{F7F4DDAA-0561-475E-B412-BA514B3024D0}.Release|Any CPU.ActiveCfg = Release|Any CPU
		{F7F4DDAA-0561-475E-B412-BA514B3024D0}.Release|Any CPU.Build.0 = Release|Any CPU
		{F7F4DDAA-0561-475E-B412-BA514B3024D0}.Release|x64.ActiveCfg = Release|Any CPU
		{F7F4DDAA-0561-475E-B412-BA514B3024D0}.Release|x64.Build.0 = Release|Any CPU
		{F7F4DDAA-0561-475E-B412-BA514B3024D0}.Release|x86.ActiveCfg = Release|Any CPU
		{F7F4DDAA-0561-475E-B412-BA514B3024D0}.Release|x86.Build.0 = Release|Any CPU
		{D2FCB9D1-B34C-4679-8590-5EAE2E42333F}.Debug|Any CPU.ActiveCfg = Debug|Any CPU
		{D2FCB9D1-B34C-4679-8590-5EAE2E42333F}.Debug|Any CPU.Build.0 = Debug|Any CPU
		{D2FCB9D1-B34C-4679-8590-5EAE2E42333F}.Debug|x64.ActiveCfg = Debug|Any CPU
		{D2FCB9D1-B34C-4679-8590-5EAE2E42333F}.Debug|x64.Build.0 = Debug|Any CPU
		{D2FCB9D1-B34C-4679-8590-5EAE2E42333F}.Debug|x86.ActiveCfg = Debug|Any CPU
		{D2FCB9D1-B34C-4679-8590-5EAE2E42333F}.Debug|x86.Build.0 = Debug|Any CPU
		{D2FCB9D1-B34C-4679-8590-5EAE2E42333F}.Release|Any CPU.ActiveCfg = Release|Any CPU
		{D2FCB9D1-B34C-4679-8590-5EAE2E42333F}.Release|Any CPU.Build.0 = Release|Any CPU
		{D2FCB9D1-B34C-4679-8590-5EAE2E42333F}.Release|x64.ActiveCfg = Release|Any CPU
		{D2FCB9D1-B34C-4679-8590-5EAE2E42333F}.Release|x64.Build.0 = Release|Any CPU
		{D2FCB9D1-B34C-4679-8590-5EAE2E42333F}.Release|x86.ActiveCfg = Release|Any CPU
		{D2FCB9D1-B34C-4679-8590-5EAE2E42333F}.Release|x86.Build.0 = Release|Any CPU
		{24CD6A0C-BCBE-4AEC-935B-61D1E2C5582C}.Debug|Any CPU.ActiveCfg = Debug|Any CPU
		{24CD6A0C-BCBE-4AEC-935B-61D1E2C5582C}.Debug|Any CPU.Build.0 = Debug|Any CPU
		{24CD6A0C-BCBE-4AEC-935B-61D1E2C5582C}.Debug|x64.ActiveCfg = Debug|Any CPU
		{24CD6A0C-BCBE-4AEC-935B-61D1E2C5582C}.Debug|x64.Build.0 = Debug|Any CPU
		{24CD6A0C-BCBE-4AEC-935B-61D1E2C5582C}.Debug|x86.ActiveCfg = Debug|Any CPU
		{24CD6A0C-BCBE-4AEC-935B-61D1E2C5582C}.Debug|x86.Build.0 = Debug|Any CPU
		{24CD6A0C-BCBE-4AEC-935B-61D1E2C5582C}.Release|Any CPU.ActiveCfg = Release|Any CPU
		{24CD6A0C-BCBE-4AEC-935B-61D1E2C5582C}.Release|Any CPU.Build.0 = Release|Any CPU
		{24CD6A0C-BCBE-4AEC-935B-61D1E2C5582C}.Release|x64.ActiveCfg = Release|Any CPU
		{24CD6A0C-BCBE-4AEC-935B-61D1E2C5582C}.Release|x64.Build.0 = Release|Any CPU
		{24CD6A0C-BCBE-4AEC-935B-61D1E2C5582C}.Release|x86.ActiveCfg = Release|Any CPU
		{24CD6A0C-BCBE-4AEC-935B-61D1E2C5582C}.Release|x86.Build.0 = Release|Any CPU
		{E6B947A0-D62A-4FA9-B973-9A37F1BCCC8D}.Debug|Any CPU.ActiveCfg = Debug|Any CPU
		{E6B947A0-D62A-4FA9-B973-9A37F1BCCC8D}.Debug|Any CPU.Build.0 = Debug|Any CPU
		{E6B947A0-D62A-4FA9-B973-9A37F1BCCC8D}.Debug|x64.ActiveCfg = Debug|Any CPU
		{E6B947A0-D62A-4FA9-B973-9A37F1BCCC8D}.Debug|x64.Build.0 = Debug|Any CPU
		{E6B947A0-D62A-4FA9-B973-9A37F1BCCC8D}.Debug|x86.ActiveCfg = Debug|Any CPU
		{E6B947A0-D62A-4FA9-B973-9A37F1BCCC8D}.Debug|x86.Build.0 = Debug|Any CPU
		{E6B947A0-D62A-4FA9-B973-9A37F1BCCC8D}.Release|Any CPU.ActiveCfg = Release|Any CPU
		{E6B947A0-D62A-4FA9-B973-9A37F1BCCC8D}.Release|Any CPU.Build.0 = Release|Any CPU
		{E6B947A0-D62A-4FA9-B973-9A37F1BCCC8D}.Release|x64.ActiveCfg = Release|Any CPU
		{E6B947A0-D62A-4FA9-B973-9A37F1BCCC8D}.Release|x64.Build.0 = Release|Any CPU
		{E6B947A0-D62A-4FA9-B973-9A37F1BCCC8D}.Release|x86.ActiveCfg = Release|Any CPU
		{E6B947A0-D62A-4FA9-B973-9A37F1BCCC8D}.Release|x86.Build.0 = Release|Any CPU
		{D4E6FA9D-71E7-4309-9B2E-C557F71906C7}.Debug|Any CPU.ActiveCfg = Debug|Any CPU
		{D4E6FA9D-71E7-4309-9B2E-C557F71906C7}.Debug|Any CPU.Build.0 = Debug|Any CPU
		{D4E6FA9D-71E7-4309-9B2E-C557F71906C7}.Debug|x64.ActiveCfg = Debug|Any CPU
		{D4E6FA9D-71E7-4309-9B2E-C557F71906C7}.Debug|x64.Build.0 = Debug|Any CPU
		{D4E6FA9D-71E7-4309-9B2E-C557F71906C7}.Debug|x86.ActiveCfg = Debug|Any CPU
		{D4E6FA9D-71E7-4309-9B2E-C557F71906C7}.Debug|x86.Build.0 = Debug|Any CPU
		{D4E6FA9D-71E7-4309-9B2E-C557F71906C7}.Release|Any CPU.ActiveCfg = Release|Any CPU
		{D4E6FA9D-71E7-4309-9B2E-C557F71906C7}.Release|Any CPU.Build.0 = Release|Any CPU
		{D4E6FA9D-71E7-4309-9B2E-C557F71906C7}.Release|x64.ActiveCfg = Release|Any CPU
		{D4E6FA9D-71E7-4309-9B2E-C557F71906C7}.Release|x64.Build.0 = Release|Any CPU
		{D4E6FA9D-71E7-4309-9B2E-C557F71906C7}.Release|x86.ActiveCfg = Release|Any CPU
		{D4E6FA9D-71E7-4309-9B2E-C557F71906C7}.Release|x86.Build.0 = Release|Any CPU
		{4C83079F-A4CF-4C94-ADFD-00EB58344E47}.Debug|Any CPU.ActiveCfg = Debug|Any CPU
		{4C83079F-A4CF-4C94-ADFD-00EB58344E47}.Debug|Any CPU.Build.0 = Debug|Any CPU
		{4C83079F-A4CF-4C94-ADFD-00EB58344E47}.Debug|x64.ActiveCfg = Debug|Any CPU
		{4C83079F-A4CF-4C94-ADFD-00EB58344E47}.Debug|x64.Build.0 = Debug|Any CPU
		{4C83079F-A4CF-4C94-ADFD-00EB58344E47}.Debug|x86.ActiveCfg = Debug|Any CPU
		{4C83079F-A4CF-4C94-ADFD-00EB58344E47}.Debug|x86.Build.0 = Debug|Any CPU
		{4C83079F-A4CF-4C94-ADFD-00EB58344E47}.Release|Any CPU.ActiveCfg = Release|Any CPU
		{4C83079F-A4CF-4C94-ADFD-00EB58344E47}.Release|Any CPU.Build.0 = Release|Any CPU
		{4C83079F-A4CF-4C94-ADFD-00EB58344E47}.Release|x64.ActiveCfg = Release|Any CPU
		{4C83079F-A4CF-4C94-ADFD-00EB58344E47}.Release|x64.Build.0 = Release|Any CPU
		{4C83079F-A4CF-4C94-ADFD-00EB58344E47}.Release|x86.ActiveCfg = Release|Any CPU
		{4C83079F-A4CF-4C94-ADFD-00EB58344E47}.Release|x86.Build.0 = Release|Any CPU
	EndGlobalSection
	GlobalSection(SolutionProperties) = preSolution
		HideSolutionNode = FALSE
	EndGlobalSection
	GlobalSection(NestedProjects) = preSolution
		{F7F4DDAA-0561-475E-B412-BA514B3024D0} = {827E0CD3-B72D-47B6-A68D-7590B98EB39B}
		{D2FCB9D1-B34C-4679-8590-5EAE2E42333F} = {827E0CD3-B72D-47B6-A68D-7590B98EB39B}
		{24CD6A0C-BCBE-4AEC-935B-61D1E2C5582C} = {827E0CD3-B72D-47B6-A68D-7590B98EB39B}
		{E6B947A0-D62A-4FA9-B973-9A37F1BCCC8D} = {827E0CD3-B72D-47B6-A68D-7590B98EB39B}
		{D4E6FA9D-71E7-4309-9B2E-C557F71906C7} = {827E0CD3-B72D-47B6-A68D-7590B98EB39B}
		{4C83079F-A4CF-4C94-ADFD-00EB58344E47} = {0AB3BF05-4346-4AA6-1389-037BE0695223}
	EndGlobalSection
EndGlobal
